// !$*UTF8*$!
{
	archiveVersion = 1;
	classes = {
	};
	objectVersion = 48;
	objects = {

/* Begin PBXBuildFile section */
		002388F020050F07006AEFF5 /* StationCell.swift in Sources */ = {isa = PBXBuildFile; fileRef = 002388EE20050F07006AEFF5 /* StationCell.swift */; };
		002388F120050F07006AEFF5 /* StationCell.xib in Resources */ = {isa = PBXBuildFile; fileRef = 002388EF20050F07006AEFF5 /* StationCell.xib */; };
		002388F3200512E7006AEFF5 /* RxDataSourcesSection.swift in Sources */ = {isa = PBXBuildFile; fileRef = 002388F2200512E7006AEFF5 /* RxDataSourcesSection.swift */; };
		002388F520051E5B006AEFF5 /* UIViewControllerExtension.swift in Sources */ = {isa = PBXBuildFile; fileRef = 002388F420051E5B006AEFF5 /* UIViewControllerExtension.swift */; };
		0047DFBB2003B6890049A495 /* Coordinator.swift in Sources */ = {isa = PBXBuildFile; fileRef = 0047DFBA2003B6890049A495 /* Coordinator.swift */; };
		0047DFBF2003B93E0049A495 /* AirQualityService.swift in Sources */ = {isa = PBXBuildFile; fileRef = 0047DFBE2003B93E0049A495 /* AirQualityService.swift */; };
		0047DFC12003D7410049A495 /* Constants.swift in Sources */ = {isa = PBXBuildFile; fileRef = 0047DFC02003D7410049A495 /* Constants.swift */; };
		0047DFC32003FC910049A495 /* AppCoordinator.swift in Sources */ = {isa = PBXBuildFile; fileRef = 0047DFC22003FC910049A495 /* AppCoordinator.swift */; };
		0047DFCA2004017F0049A495 /* StationListViewController.swift in Sources */ = {isa = PBXBuildFile; fileRef = 0047DFC82004017F0049A495 /* StationListViewController.swift */; };
		0047DFCB2004017F0049A495 /* StationListViewController.xib in Resources */ = {isa = PBXBuildFile; fileRef = 0047DFC92004017F0049A495 /* StationListViewController.xib */; };
		0047DFCD200401A80049A495 /* StationListViewModel.swift in Sources */ = {isa = PBXBuildFile; fileRef = 0047DFCC200401A80049A495 /* StationListViewModel.swift */; };
		0047DFCF200402640049A495 /* UIResponderExtension.swift in Sources */ = {isa = PBXBuildFile; fileRef = 0047DFCE200402640049A495 /* UIResponderExtension.swift */; };
		0047DFD12004066D0049A495 /* LaunchScreen.storyboard in Resources */ = {isa = PBXBuildFile; fileRef = 0047DFD02004066D0049A495 /* LaunchScreen.storyboard */; };
		00CE0D9720582CD600FAADAB /* Localizable.strings in Resources */ = {isa = PBXBuildFile; fileRef = 00CE0D9920582CD600FAADAB /* Localizable.strings */; };
		00CE0D9E205839C700FAADAB /* StationTests.swift in Sources */ = {isa = PBXBuildFile; fileRef = 00CE0D9D205839C700FAADAB /* StationTests.swift */; };
		00F51A9E20060B3D00AEFAB3 /* TabBarViewController.swift in Sources */ = {isa = PBXBuildFile; fileRef = 00F51A9D20060B3D00AEFAB3 /* TabBarViewController.swift */; };
		00F51AA02006198600AEFAB3 /* AirQualityCoordinator.swift in Sources */ = {isa = PBXBuildFile; fileRef = 00F51A9F2006198600AEFAB3 /* AirQualityCoordinator.swift */; };
		00F51AA22006199800AEFAB3 /* ChartsCoordinator.swift in Sources */ = {isa = PBXBuildFile; fileRef = 00F51AA12006199800AEFAB3 /* ChartsCoordinator.swift */; };
		00F51AA4200619A800AEFAB3 /* StationDetailsCoordinator.swift in Sources */ = {isa = PBXBuildFile; fileRef = 00F51AA3200619A800AEFAB3 /* StationDetailsCoordinator.swift */; };
		00F51AAA200624A800AEFAB3 /* StationDetailsViewController.swift in Sources */ = {isa = PBXBuildFile; fileRef = 00F51AA8200624A800AEFAB3 /* StationDetailsViewController.swift */; };
		00F51AAB200624A800AEFAB3 /* StationDetailsViewController.xib in Resources */ = {isa = PBXBuildFile; fileRef = 00F51AA9200624A800AEFAB3 /* StationDetailsViewController.xib */; };
		00F51AAD200624B500AEFAB3 /* StationDetailsViewModel.swift in Sources */ = {isa = PBXBuildFile; fileRef = 00F51AAC200624B500AEFAB3 /* StationDetailsViewModel.swift */; };
		00F51AB6200624ED00AEFAB3 /* AirQualityIndexViewController.swift in Sources */ = {isa = PBXBuildFile; fileRef = 00F51AB4200624ED00AEFAB3 /* AirQualityIndexViewController.swift */; };
		00F51AB7200624ED00AEFAB3 /* AirQualityIndexViewController.xib in Resources */ = {isa = PBXBuildFile; fileRef = 00F51AB5200624ED00AEFAB3 /* AirQualityIndexViewController.xib */; };
		00F51AB9200624FA00AEFAB3 /* AirQualityIndexViewModel.swift in Sources */ = {isa = PBXBuildFile; fileRef = 00F51AB8200624FA00AEFAB3 /* AirQualityIndexViewModel.swift */; };
		00F51ABB2006361600AEFAB3 /* AirQualityIndex.swift in Sources */ = {isa = PBXBuildFile; fileRef = 00F51ABA2006361600AEFAB3 /* AirQualityIndex.swift */; };
		00F51ABD2006366300AEFAB3 /* IndexLevel.swift in Sources */ = {isa = PBXBuildFile; fileRef = 00F51ABC2006366300AEFAB3 /* IndexLevel.swift */; };
		00F51ABF20063E1800AEFAB3 /* Measurement.swift in Sources */ = {isa = PBXBuildFile; fileRef = 00F51ABE20063E1800AEFAB3 /* Measurement.swift */; };
		00F51AC720067CE800AEFAB3 /* IndexNameEnum.swift in Sources */ = {isa = PBXBuildFile; fileRef = 00F51AC620067CE800AEFAB3 /* IndexNameEnum.swift */; };
		00F51ACA200688E300AEFAB3 /* MeasurementCell.swift in Sources */ = {isa = PBXBuildFile; fileRef = 00F51AC8200688E300AEFAB3 /* MeasurementCell.swift */; };
		00F51ACB200688E300AEFAB3 /* MeasurementCell.xib in Resources */ = {isa = PBXBuildFile; fileRef = 00F51AC9200688E300AEFAB3 /* MeasurementCell.xib */; };
		00F51ACD2007527300AEFAB3 /* LeftAlignedCollectionView.swift in Sources */ = {isa = PBXBuildFile; fileRef = 00F51ACC2007527300AEFAB3 /* LeftAlignedCollectionView.swift */; };
		00F51AD12007661100AEFAB3 /* ChartsViewController.swift in Sources */ = {isa = PBXBuildFile; fileRef = 00F51ACF2007661100AEFAB3 /* ChartsViewController.swift */; };
		00F51AD22007661100AEFAB3 /* ChartsViewController.xib in Resources */ = {isa = PBXBuildFile; fileRef = 00F51AD02007661100AEFAB3 /* ChartsViewController.xib */; };
		00F51AD42007661C00AEFAB3 /* ChartsViewModel.swift in Sources */ = {isa = PBXBuildFile; fileRef = 00F51AD32007661C00AEFAB3 /* ChartsViewModel.swift */; };
		00F51AD820076EF200AEFAB3 /* ChartsCollectionCell.swift in Sources */ = {isa = PBXBuildFile; fileRef = 00F51AD620076EF200AEFAB3 /* ChartsCollectionCell.swift */; };
		00F51AD920076EF200AEFAB3 /* ChartsCollectionCell.xib in Resources */ = {isa = PBXBuildFile; fileRef = 00F51AD720076EF200AEFAB3 /* ChartsCollectionCell.xib */; };
		00F51ADB20079EF700AEFAB3 /* BaseTabViewModel.swift in Sources */ = {isa = PBXBuildFile; fileRef = 00F51ADA20079EF700AEFAB3 /* BaseTabViewModel.swift */; };
		00F51ADD2007BD7600AEFAB3 /* SensorData.swift in Sources */ = {isa = PBXBuildFile; fileRef = 00F51ADC2007BD7600AEFAB3 /* SensorData.swift */; };
		00F51ADF2007BE0E00AEFAB3 /* SensorDataRead.swift in Sources */ = {isa = PBXBuildFile; fileRef = 00F51ADE2007BE0E00AEFAB3 /* SensorDataRead.swift */; };
		00F51AE12007F94F00AEFAB3 /* StringExtension.swift in Sources */ = {isa = PBXBuildFile; fileRef = 00F51AE02007F94F00AEFAB3 /* StringExtension.swift */; };
		00F56EA92000FBB60011C630 /* AppDelegate.swift in Sources */ = {isa = PBXBuildFile; fileRef = 00F56EA82000FBB60011C630 /* AppDelegate.swift */; };
		00F56EB02000FBB60011C630 /* Assets.xcassets in Resources */ = {isa = PBXBuildFile; fileRef = 00F56EAF2000FBB60011C630 /* Assets.xcassets */; };
		5B6B44404898DF7A097C0706 /* Pods_AirQualityMonitor.framework in Frameworks */ = {isa = PBXBuildFile; fileRef = 6A59AEBBAC0EF591904538B8 /* Pods_AirQualityMonitor.framework */; };
		5E71D8F920049D48008AA023 /* Station.swift in Sources */ = {isa = PBXBuildFile; fileRef = 5E71D8F820049D48008AA023 /* Station.swift */; };
		5E71D8FB20049E4E008AA023 /* City.swift in Sources */ = {isa = PBXBuildFile; fileRef = 5E71D8FA20049E4E008AA023 /* City.swift */; };
		5E71D8FD20049E8F008AA023 /* Commune.swift in Sources */ = {isa = PBXBuildFile; fileRef = 5E71D8FC20049E8F008AA023 /* Commune.swift */; };
		5E71D8FF2004A41D008AA023 /* NetworkProvider.swift in Sources */ = {isa = PBXBuildFile; fileRef = 5E71D8FE2004A41D008AA023 /* NetworkProvider.swift */; };
		5E71D9032004CDB6008AA023 /* Sensor.swift in Sources */ = {isa = PBXBuildFile; fileRef = 5E71D9022004CDB6008AA023 /* Sensor.swift */; };
		5E71D9052004CF3D008AA023 /* Param.swift in Sources */ = {isa = PBXBuildFile; fileRef = 5E71D9042004CF3D008AA023 /* Param.swift */; };
/* End PBXBuildFile section */

/* Begin PBXContainerItemProxy section */
		00CE0D902058231300FAADAB /* PBXContainerItemProxy */ = {
			isa = PBXContainerItemProxy;
			containerPortal = 00F56E9D2000FBB60011C630 /* Project object */;
			proxyType = 1;
			remoteGlobalIDString = 00F56EA42000FBB60011C630;
			remoteInfo = AirQualityMonitor;
		};
/* End PBXContainerItemProxy section */

/* Begin PBXFileReference section */
		002388EE20050F07006AEFF5 /* StationCell.swift */ = {isa = PBXFileReference; lastKnownFileType = sourcecode.swift; path = StationCell.swift; sourceTree = "<group>"; };
		002388EF20050F07006AEFF5 /* StationCell.xib */ = {isa = PBXFileReference; lastKnownFileType = file.xib; path = StationCell.xib; sourceTree = "<group>"; };
		002388F2200512E7006AEFF5 /* RxDataSourcesSection.swift */ = {isa = PBXFileReference; lastKnownFileType = sourcecode.swift; path = RxDataSourcesSection.swift; sourceTree = "<group>"; };
		002388F420051E5B006AEFF5 /* UIViewControllerExtension.swift */ = {isa = PBXFileReference; lastKnownFileType = sourcecode.swift; path = UIViewControllerExtension.swift; sourceTree = "<group>"; };
		0047DFBA2003B6890049A495 /* Coordinator.swift */ = {isa = PBXFileReference; lastKnownFileType = sourcecode.swift; path = Coordinator.swift; sourceTree = "<group>"; };
		0047DFBE2003B93E0049A495 /* AirQualityService.swift */ = {isa = PBXFileReference; lastKnownFileType = sourcecode.swift; path = AirQualityService.swift; sourceTree = "<group>"; };
		0047DFC02003D7410049A495 /* Constants.swift */ = {isa = PBXFileReference; lastKnownFileType = sourcecode.swift; path = Constants.swift; sourceTree = "<group>"; };
		0047DFC22003FC910049A495 /* AppCoordinator.swift */ = {isa = PBXFileReference; lastKnownFileType = sourcecode.swift; path = AppCoordinator.swift; sourceTree = "<group>"; };
		0047DFC82004017F0049A495 /* StationListViewController.swift */ = {isa = PBXFileReference; lastKnownFileType = sourcecode.swift; path = StationListViewController.swift; sourceTree = "<group>"; };
		0047DFC92004017F0049A495 /* StationListViewController.xib */ = {isa = PBXFileReference; lastKnownFileType = file.xib; path = StationListViewController.xib; sourceTree = "<group>"; };
		0047DFCC200401A80049A495 /* StationListViewModel.swift */ = {isa = PBXFileReference; lastKnownFileType = sourcecode.swift; path = StationListViewModel.swift; sourceTree = "<group>"; };
		0047DFCE200402640049A495 /* UIResponderExtension.swift */ = {isa = PBXFileReference; lastKnownFileType = sourcecode.swift; path = UIResponderExtension.swift; sourceTree = "<group>"; };
		0047DFD02004066D0049A495 /* LaunchScreen.storyboard */ = {isa = PBXFileReference; lastKnownFileType = file.storyboard; path = LaunchScreen.storyboard; sourceTree = "<group>"; };
		00CE0D8B2058231300FAADAB /* AirQualityMonitorTests.xctest */ = {isa = PBXFileReference; explicitFileType = wrapper.cfbundle; includeInIndex = 0; path = AirQualityMonitorTests.xctest; sourceTree = BUILT_PRODUCTS_DIR; };
		00CE0D8F2058231300FAADAB /* Info.plist */ = {isa = PBXFileReference; lastKnownFileType = text.plist.xml; path = Info.plist; sourceTree = "<group>"; };
		00CE0D9820582CD600FAADAB /* en */ = {isa = PBXFileReference; lastKnownFileType = text.plist.strings; name = en; path = en.lproj/Localizable.strings; sourceTree = "<group>"; };
		00CE0D9A20582CE400FAADAB /* pl */ = {isa = PBXFileReference; lastKnownFileType = text.plist.strings; name = pl; path = pl.lproj/Localizable.strings; sourceTree = "<group>"; };
		00CE0D9D205839C700FAADAB /* StationTests.swift */ = {isa = PBXFileReference; lastKnownFileType = sourcecode.swift; path = StationTests.swift; sourceTree = "<group>"; };
		00F51A9D20060B3D00AEFAB3 /* TabBarViewController.swift */ = {isa = PBXFileReference; lastKnownFileType = sourcecode.swift; path = TabBarViewController.swift; sourceTree = "<group>"; };
		00F51A9F2006198600AEFAB3 /* AirQualityCoordinator.swift */ = {isa = PBXFileReference; lastKnownFileType = sourcecode.swift; path = AirQualityCoordinator.swift; sourceTree = "<group>"; };
		00F51AA12006199800AEFAB3 /* ChartsCoordinator.swift */ = {isa = PBXFileReference; lastKnownFileType = sourcecode.swift; path = ChartsCoordinator.swift; sourceTree = "<group>"; };
		00F51AA3200619A800AEFAB3 /* StationDetailsCoordinator.swift */ = {isa = PBXFileReference; lastKnownFileType = sourcecode.swift; path = StationDetailsCoordinator.swift; sourceTree = "<group>"; };
		00F51AA8200624A800AEFAB3 /* StationDetailsViewController.swift */ = {isa = PBXFileReference; lastKnownFileType = sourcecode.swift; path = StationDetailsViewController.swift; sourceTree = "<group>"; };
		00F51AA9200624A800AEFAB3 /* StationDetailsViewController.xib */ = {isa = PBXFileReference; lastKnownFileType = file.xib; path = StationDetailsViewController.xib; sourceTree = "<group>"; };
		00F51AAC200624B500AEFAB3 /* StationDetailsViewModel.swift */ = {isa = PBXFileReference; lastKnownFileType = sourcecode.swift; path = StationDetailsViewModel.swift; sourceTree = "<group>"; };
		00F51AB4200624ED00AEFAB3 /* AirQualityIndexViewController.swift */ = {isa = PBXFileReference; lastKnownFileType = sourcecode.swift; path = AirQualityIndexViewController.swift; sourceTree = "<group>"; };
		00F51AB5200624ED00AEFAB3 /* AirQualityIndexViewController.xib */ = {isa = PBXFileReference; lastKnownFileType = file.xib; path = AirQualityIndexViewController.xib; sourceTree = "<group>"; };
		00F51AB8200624FA00AEFAB3 /* AirQualityIndexViewModel.swift */ = {isa = PBXFileReference; lastKnownFileType = sourcecode.swift; path = AirQualityIndexViewModel.swift; sourceTree = "<group>"; };
		00F51ABA2006361600AEFAB3 /* AirQualityIndex.swift */ = {isa = PBXFileReference; lastKnownFileType = sourcecode.swift; path = AirQualityIndex.swift; sourceTree = "<group>"; };
		00F51ABC2006366300AEFAB3 /* IndexLevel.swift */ = {isa = PBXFileReference; lastKnownFileType = sourcecode.swift; path = IndexLevel.swift; sourceTree = "<group>"; };
		00F51ABE20063E1800AEFAB3 /* Measurement.swift */ = {isa = PBXFileReference; lastKnownFileType = sourcecode.swift; path = Measurement.swift; sourceTree = "<group>"; };
		00F51AC620067CE800AEFAB3 /* IndexNameEnum.swift */ = {isa = PBXFileReference; lastKnownFileType = sourcecode.swift; path = IndexNameEnum.swift; sourceTree = "<group>"; };
		00F51AC8200688E300AEFAB3 /* MeasurementCell.swift */ = {isa = PBXFileReference; lastKnownFileType = sourcecode.swift; path = MeasurementCell.swift; sourceTree = "<group>"; };
		00F51AC9200688E300AEFAB3 /* MeasurementCell.xib */ = {isa = PBXFileReference; lastKnownFileType = file.xib; path = MeasurementCell.xib; sourceTree = "<group>"; };
		00F51ACC2007527300AEFAB3 /* LeftAlignedCollectionView.swift */ = {isa = PBXFileReference; lastKnownFileType = sourcecode.swift; path = LeftAlignedCollectionView.swift; sourceTree = "<group>"; };
		00F51ACF2007661100AEFAB3 /* ChartsViewController.swift */ = {isa = PBXFileReference; lastKnownFileType = sourcecode.swift; path = ChartsViewController.swift; sourceTree = "<group>"; };
		00F51AD02007661100AEFAB3 /* ChartsViewController.xib */ = {isa = PBXFileReference; lastKnownFileType = file.xib; path = ChartsViewController.xib; sourceTree = "<group>"; };
		00F51AD32007661C00AEFAB3 /* ChartsViewModel.swift */ = {isa = PBXFileReference; lastKnownFileType = sourcecode.swift; path = ChartsViewModel.swift; sourceTree = "<group>"; };
		00F51AD620076EF200AEFAB3 /* ChartsCollectionCell.swift */ = {isa = PBXFileReference; lastKnownFileType = sourcecode.swift; path = ChartsCollectionCell.swift; sourceTree = "<group>"; };
		00F51AD720076EF200AEFAB3 /* ChartsCollectionCell.xib */ = {isa = PBXFileReference; lastKnownFileType = file.xib; path = ChartsCollectionCell.xib; sourceTree = "<group>"; };
		00F51ADA20079EF700AEFAB3 /* BaseTabViewModel.swift */ = {isa = PBXFileReference; lastKnownFileType = sourcecode.swift; path = BaseTabViewModel.swift; sourceTree = "<group>"; };
		00F51ADC2007BD7600AEFAB3 /* SensorData.swift */ = {isa = PBXFileReference; lastKnownFileType = sourcecode.swift; path = SensorData.swift; sourceTree = "<group>"; };
		00F51ADE2007BE0E00AEFAB3 /* SensorDataRead.swift */ = {isa = PBXFileReference; lastKnownFileType = sourcecode.swift; path = SensorDataRead.swift; sourceTree = "<group>"; };
		00F51AE02007F94F00AEFAB3 /* StringExtension.swift */ = {isa = PBXFileReference; lastKnownFileType = sourcecode.swift; path = StringExtension.swift; sourceTree = "<group>"; };
		00F56EA52000FBB60011C630 /* AirQualityMonitor.app */ = {isa = PBXFileReference; explicitFileType = wrapper.application; includeInIndex = 0; path = AirQualityMonitor.app; sourceTree = BUILT_PRODUCTS_DIR; };
		00F56EA82000FBB60011C630 /* AppDelegate.swift */ = {isa = PBXFileReference; lastKnownFileType = sourcecode.swift; path = AppDelegate.swift; sourceTree = "<group>"; };
		00F56EAF2000FBB60011C630 /* Assets.xcassets */ = {isa = PBXFileReference; lastKnownFileType = folder.assetcatalog; path = Assets.xcassets; sourceTree = "<group>"; };
		00F56EB42000FBB60011C630 /* Info.plist */ = {isa = PBXFileReference; lastKnownFileType = text.plist.xml; path = Info.plist; sourceTree = "<group>"; };
		3B1340AA033565AA890F7455 /* Pods-AirQualityMonitor.debug.xcconfig */ = {isa = PBXFileReference; includeInIndex = 1; lastKnownFileType = text.xcconfig; name = "Pods-AirQualityMonitor.debug.xcconfig"; path = "Pods/Target Support Files/Pods-AirQualityMonitor/Pods-AirQualityMonitor.debug.xcconfig"; sourceTree = "<group>"; };
		5E71D8F820049D48008AA023 /* Station.swift */ = {isa = PBXFileReference; lastKnownFileType = sourcecode.swift; name = Station.swift; path = AirQualityMonitor/Coordinators/Station.swift; sourceTree = SOURCE_ROOT; };
		5E71D8FA20049E4E008AA023 /* City.swift */ = {isa = PBXFileReference; lastKnownFileType = sourcecode.swift; name = City.swift; path = AirQualityMonitor/Coordinators/City.swift; sourceTree = SOURCE_ROOT; };
		5E71D8FC20049E8F008AA023 /* Commune.swift */ = {isa = PBXFileReference; lastKnownFileType = sourcecode.swift; name = Commune.swift; path = AirQualityMonitor/Coordinators/Commune.swift; sourceTree = SOURCE_ROOT; };
		5E71D8FE2004A41D008AA023 /* NetworkProvider.swift */ = {isa = PBXFileReference; lastKnownFileType = sourcecode.swift; path = NetworkProvider.swift; sourceTree = "<group>"; };
		5E71D9022004CDB6008AA023 /* Sensor.swift */ = {isa = PBXFileReference; lastKnownFileType = sourcecode.swift; name = Sensor.swift; path = AirQualityMonitor/API/Services/Sensor.swift; sourceTree = SOURCE_ROOT; };
		5E71D9042004CF3D008AA023 /* Param.swift */ = {isa = PBXFileReference; lastKnownFileType = sourcecode.swift; name = Param.swift; path = AirQualityMonitor/API/Services/Param.swift; sourceTree = SOURCE_ROOT; };
		6A59AEBBAC0EF591904538B8 /* Pods_AirQualityMonitor.framework */ = {isa = PBXFileReference; explicitFileType = wrapper.framework; includeInIndex = 0; path = Pods_AirQualityMonitor.framework; sourceTree = BUILT_PRODUCTS_DIR; };
		EDE1A1B2EF1A445E2B2A3712 /* Pods-AirQualityMonitor.release.xcconfig */ = {isa = PBXFileReference; includeInIndex = 1; lastKnownFileType = text.xcconfig; name = "Pods-AirQualityMonitor.release.xcconfig"; path = "Pods/Target Support Files/Pods-AirQualityMonitor/Pods-AirQualityMonitor.release.xcconfig"; sourceTree = "<group>"; };
/* End PBXFileReference section */

/* Begin PBXFrameworksBuildPhase section */
		00CE0D882058231300FAADAB /* Frameworks */ = {
			isa = PBXFrameworksBuildPhase;
			buildActionMask = 2147483647;
			files = (
			);
			runOnlyForDeploymentPostprocessing = 0;
		};
		00F56EA22000FBB60011C630 /* Frameworks */ = {
			isa = PBXFrameworksBuildPhase;
			buildActionMask = 2147483647;
			files = (
				5B6B44404898DF7A097C0706 /* Pods_AirQualityMonitor.framework in Frameworks */,
			);
			runOnlyForDeploymentPostprocessing = 0;
		};
/* End PBXFrameworksBuildPhase section */

/* Begin PBXGroup section */
		002388ED20050EE1006AEFF5 /* Cell */ = {
			isa = PBXGroup;
			children = (
				002388EE20050F07006AEFF5 /* StationCell.swift */,
				002388EF20050F07006AEFF5 /* StationCell.xib */,
			);
			path = Cell;
			sourceTree = "<group>";
		};
		0047DFB62003B30D0049A495 /* ViewControllers */ = {
			isa = PBXGroup;
			children = (
				00F51AA52006210C00AEFAB3 /* AirQualityIndex */,
				00F51ACE200765EE00AEFAB3 /* Charts */,
				00F51AA72006211B00AEFAB3 /* StationDetails */,
				0047DFC7200400FD0049A495 /* StationList */,
				0047DFD02004066D0049A495 /* LaunchScreen.storyboard */,
				00F51A9D20060B3D00AEFAB3 /* TabBarViewController.swift */,
				00F51ADA20079EF700AEFAB3 /* BaseTabViewModel.swift */,
			);
			path = ViewControllers;
			sourceTree = "<group>";
		};
		0047DFB72003B3220049A495 /* Coordinators */ = {
			isa = PBXGroup;
			children = (
				0047DFBA2003B6890049A495 /* Coordinator.swift */,
				0047DFC22003FC910049A495 /* AppCoordinator.swift */,
				00F51A9F2006198600AEFAB3 /* AirQualityCoordinator.swift */,
				00F51AA12006199800AEFAB3 /* ChartsCoordinator.swift */,
				00F51AA3200619A800AEFAB3 /* StationDetailsCoordinator.swift */,
			);
			path = Coordinators;
			sourceTree = "<group>";
		};
		0047DFB82003B3380049A495 /* Models */ = {
			isa = PBXGroup;
			children = (
				00F51AC520067C6200AEFAB3 /* Enums */,
				5E71D8F820049D48008AA023 /* Station.swift */,
				5E71D8FA20049E4E008AA023 /* City.swift */,
				5E71D8FC20049E8F008AA023 /* Commune.swift */,
				5E71D9022004CDB6008AA023 /* Sensor.swift */,
				5E71D9042004CF3D008AA023 /* Param.swift */,
				00F51ABA2006361600AEFAB3 /* AirQualityIndex.swift */,
				00F51ABC2006366300AEFAB3 /* IndexLevel.swift */,
				00F51ABE20063E1800AEFAB3 /* Measurement.swift */,
				00F51ADC2007BD7600AEFAB3 /* SensorData.swift */,
				00F51ADE2007BE0E00AEFAB3 /* SensorDataRead.swift */,
			);
			path = Models;
			sourceTree = "<group>";
		};
		0047DFB92003B3610049A495 /* Supporting Files */ = {
			isa = PBXGroup;
			children = (
				0047DFC42004007F0049A495 /* Extensions */,
				00F56EA82000FBB60011C630 /* AppDelegate.swift */,
				00F56EAF2000FBB60011C630 /* Assets.xcassets */,
				0047DFC02003D7410049A495 /* Constants.swift */,
				002388F2200512E7006AEFF5 /* RxDataSourcesSection.swift */,
				00F51ACC2007527300AEFAB3 /* LeftAlignedCollectionView.swift */,
				00CE0D9920582CD600FAADAB /* Localizable.strings */,
			);
			path = "Supporting Files";
			sourceTree = "<group>";
		};
		0047DFBC2003B8790049A495 /* API */ = {
			isa = PBXGroup;
			children = (
				0047DFBD2003B87E0049A495 /* Services */,
				5E71D8FE2004A41D008AA023 /* NetworkProvider.swift */,
			);
			path = API;
			sourceTree = "<group>";
		};
		0047DFBD2003B87E0049A495 /* Services */ = {
			isa = PBXGroup;
			children = (
				0047DFBE2003B93E0049A495 /* AirQualityService.swift */,
			);
			path = Services;
			sourceTree = "<group>";
		};
		0047DFC42004007F0049A495 /* Extensions */ = {
			isa = PBXGroup;
			children = (
				0047DFCE200402640049A495 /* UIResponderExtension.swift */,
				002388F420051E5B006AEFF5 /* UIViewControllerExtension.swift */,
				00F51AE02007F94F00AEFAB3 /* StringExtension.swift */,
			);
			path = Extensions;
			sourceTree = "<group>";
		};
		0047DFC7200400FD0049A495 /* StationList */ = {
			isa = PBXGroup;
			children = (
				002388ED20050EE1006AEFF5 /* Cell */,
				0047DFC82004017F0049A495 /* StationListViewController.swift */,
				0047DFC92004017F0049A495 /* StationListViewController.xib */,
				0047DFCC200401A80049A495 /* StationListViewModel.swift */,
			);
			path = StationList;
			sourceTree = "<group>";
		};
		00CE0D8C2058231300FAADAB /* AirQualityMonitorTests */ = {
			isa = PBXGroup;
			children = (
				00CE0D9D205839C700FAADAB /* StationTests.swift */,
				00CE0D8F2058231300FAADAB /* Info.plist */,
			);
			path = AirQualityMonitorTests;
			sourceTree = "<group>";
		};
		00F51AA52006210C00AEFAB3 /* AirQualityIndex */ = {
			isa = PBXGroup;
			children = (
				00F51AC02006703300AEFAB3 /* Cell */,
				00F51AB4200624ED00AEFAB3 /* AirQualityIndexViewController.swift */,
				00F51AB5200624ED00AEFAB3 /* AirQualityIndexViewController.xib */,
				00F51AB8200624FA00AEFAB3 /* AirQualityIndexViewModel.swift */,
			);
			path = AirQualityIndex;
			sourceTree = "<group>";
		};
		00F51AA72006211B00AEFAB3 /* StationDetails */ = {
			isa = PBXGroup;
			children = (
				00F51AA8200624A800AEFAB3 /* StationDetailsViewController.swift */,
				00F51AA9200624A800AEFAB3 /* StationDetailsViewController.xib */,
				00F51AAC200624B500AEFAB3 /* StationDetailsViewModel.swift */,
			);
			path = StationDetails;
			sourceTree = "<group>";
		};
		00F51AC02006703300AEFAB3 /* Cell */ = {
			isa = PBXGroup;
			children = (
				00F51AC8200688E300AEFAB3 /* MeasurementCell.swift */,
				00F51AC9200688E300AEFAB3 /* MeasurementCell.xib */,
			);
			path = Cell;
			sourceTree = "<group>";
		};
		00F51AC520067C6200AEFAB3 /* Enums */ = {
			isa = PBXGroup;
			children = (
				00F51AC620067CE800AEFAB3 /* IndexNameEnum.swift */,
			);
			path = Enums;
			sourceTree = "<group>";
		};
		00F51ACE200765EE00AEFAB3 /* Charts */ = {
			isa = PBXGroup;
			children = (
				00F51AD520076E4100AEFAB3 /* Cell */,
				00F51ACF2007661100AEFAB3 /* ChartsViewController.swift */,
				00F51AD02007661100AEFAB3 /* ChartsViewController.xib */,
				00F51AD32007661C00AEFAB3 /* ChartsViewModel.swift */,
			);
			name = Charts;
			path = "New Group";
			sourceTree = "<group>";
		};
		00F51AD520076E4100AEFAB3 /* Cell */ = {
			isa = PBXGroup;
			children = (
				00F51AD620076EF200AEFAB3 /* ChartsCollectionCell.swift */,
				00F51AD720076EF200AEFAB3 /* ChartsCollectionCell.xib */,
			);
			path = Cell;
			sourceTree = "<group>";
		};
		00F56E9C2000FBB60011C630 = {
			isa = PBXGroup;
			children = (
				00F56EA72000FBB60011C630 /* AirQualityMonitor */,
				00CE0D8C2058231300FAADAB /* AirQualityMonitorTests */,
				00F56EA62000FBB60011C630 /* Products */,
				68EC2E884DFE9D5EBA42BE6A /* Pods */,
				6A9E9FBD84338390B5A816F4 /* Frameworks */,
			);
			sourceTree = "<group>";
		};
		00F56EA62000FBB60011C630 /* Products */ = {
			isa = PBXGroup;
			children = (
				00F56EA52000FBB60011C630 /* AirQualityMonitor.app */,
				00CE0D8B2058231300FAADAB /* AirQualityMonitorTests.xctest */,
			);
			name = Products;
			sourceTree = "<group>";
		};
		00F56EA72000FBB60011C630 /* AirQualityMonitor */ = {
			isa = PBXGroup;
			children = (
				0047DFBC2003B8790049A495 /* API */,
				0047DFB72003B3220049A495 /* Coordinators */,
				0047DFB82003B3380049A495 /* Models */,
				0047DFB62003B30D0049A495 /* ViewControllers */,
				0047DFB92003B3610049A495 /* Supporting Files */,
				00F56EB42000FBB60011C630 /* Info.plist */,
			);
			path = AirQualityMonitor;
			sourceTree = "<group>";
		};
		68EC2E884DFE9D5EBA42BE6A /* Pods */ = {
			isa = PBXGroup;
			children = (
				3B1340AA033565AA890F7455 /* Pods-AirQualityMonitor.debug.xcconfig */,
				EDE1A1B2EF1A445E2B2A3712 /* Pods-AirQualityMonitor.release.xcconfig */,
			);
			name = Pods;
			sourceTree = "<group>";
		};
		6A9E9FBD84338390B5A816F4 /* Frameworks */ = {
			isa = PBXGroup;
			children = (
				6A59AEBBAC0EF591904538B8 /* Pods_AirQualityMonitor.framework */,
			);
			name = Frameworks;
			sourceTree = "<group>";
		};
/* End PBXGroup section */

/* Begin PBXNativeTarget section */
		00CE0D8A2058231300FAADAB /* AirQualityMonitorTests */ = {
			isa = PBXNativeTarget;
			buildConfigurationList = 00CE0D942058231300FAADAB /* Build configuration list for PBXNativeTarget "AirQualityMonitorTests" */;
			buildPhases = (
				00CE0D872058231300FAADAB /* Sources */,
				00CE0D882058231300FAADAB /* Frameworks */,
				00CE0D892058231300FAADAB /* Resources */,
			);
			buildRules = (
			);
			dependencies = (
				00CE0D912058231300FAADAB /* PBXTargetDependency */,
			);
			name = AirQualityMonitorTests;
			productName = AirQualityMonitorTests;
			productReference = 00CE0D8B2058231300FAADAB /* AirQualityMonitorTests.xctest */;
			productType = "com.apple.product-type.bundle.unit-test";
		};
		00F56EA42000FBB60011C630 /* AirQualityMonitor */ = {
			isa = PBXNativeTarget;
			buildConfigurationList = 00F56EB72000FBB60011C630 /* Build configuration list for PBXNativeTarget "AirQualityMonitor" */;
			buildPhases = (
				5DD058C3132C4A88CA7B2493 /* [CP] Check Pods Manifest.lock */,
				00F56EA12000FBB60011C630 /* Sources */,
				00F56EA22000FBB60011C630 /* Frameworks */,
				00F56EA32000FBB60011C630 /* Resources */,
				62DDD44F41FBA04D80B61861 /* [CP] Embed Pods Frameworks */,
				1737C9A33F8BFC28B7782DA9 /* [CP] Copy Pods Resources */,
			);
			buildRules = (
			);
			dependencies = (
			);
			name = AirQualityMonitor;
			productName = AirQualityMonitor;
			productReference = 00F56EA52000FBB60011C630 /* AirQualityMonitor.app */;
			productType = "com.apple.product-type.application";
		};
/* End PBXNativeTarget section */

/* Begin PBXProject section */
		00F56E9D2000FBB60011C630 /* Project object */ = {
			isa = PBXProject;
			attributes = {
				LastSwiftUpdateCheck = 0920;
				LastUpgradeCheck = 0920;
				ORGANIZATIONNAME = KarolPiatek;
				TargetAttributes = {
					00CE0D8A2058231300FAADAB = {
						CreatedOnToolsVersion = 9.2;
						ProvisioningStyle = Automatic;
						TestTargetID = 00F56EA42000FBB60011C630;
					};
					00F56EA42000FBB60011C630 = {
						CreatedOnToolsVersion = 9.2;
						ProvisioningStyle = Automatic;
					};
				};
			};
			buildConfigurationList = 00F56EA02000FBB60011C630 /* Build configuration list for PBXProject "AirQualityMonitor" */;
			compatibilityVersion = "Xcode 8.0";
			developmentRegion = en;
			hasScannedForEncodings = 0;
			knownRegions = (
				en,
				Base,
				pl,
			);
			mainGroup = 00F56E9C2000FBB60011C630;
			productRefGroup = 00F56EA62000FBB60011C630 /* Products */;
			projectDirPath = "";
			projectRoot = "";
			targets = (
				00F56EA42000FBB60011C630 /* AirQualityMonitor */,
				00CE0D8A2058231300FAADAB /* AirQualityMonitorTests */,
			);
		};
/* End PBXProject section */

/* Begin PBXResourcesBuildPhase section */
		00CE0D892058231300FAADAB /* Resources */ = {
			isa = PBXResourcesBuildPhase;
			buildActionMask = 2147483647;
			files = (
			);
			runOnlyForDeploymentPostprocessing = 0;
		};
		00F56EA32000FBB60011C630 /* Resources */ = {
			isa = PBXResourcesBuildPhase;
			buildActionMask = 2147483647;
			files = (
				0047DFD12004066D0049A495 /* LaunchScreen.storyboard in Resources */,
				00F56EB02000FBB60011C630 /* Assets.xcassets in Resources */,
				00F51ACB200688E300AEFAB3 /* MeasurementCell.xib in Resources */,
				002388F120050F07006AEFF5 /* StationCell.xib in Resources */,
				00F51AAB200624A800AEFAB3 /* StationDetailsViewController.xib in Resources */,
				00CE0D9720582CD600FAADAB /* Localizable.strings in Resources */,
				00F51AD22007661100AEFAB3 /* ChartsViewController.xib in Resources */,
				00F51AD920076EF200AEFAB3 /* ChartsCollectionCell.xib in Resources */,
				0047DFCB2004017F0049A495 /* StationListViewController.xib in Resources */,
				00F51AB7200624ED00AEFAB3 /* AirQualityIndexViewController.xib in Resources */,
			);
			runOnlyForDeploymentPostprocessing = 0;
		};
/* End PBXResourcesBuildPhase section */

/* Begin PBXShellScriptBuildPhase section */
		1737C9A33F8BFC28B7782DA9 /* [CP] Copy Pods Resources */ = {
			isa = PBXShellScriptBuildPhase;
			buildActionMask = 2147483647;
			files = (
			);
			inputPaths = (
			);
			name = "[CP] Copy Pods Resources";
			outputPaths = (
			);
			runOnlyForDeploymentPostprocessing = 0;
			shellPath = /bin/sh;
			shellScript = "\"${SRCROOT}/Pods/Target Support Files/Pods-AirQualityMonitor/Pods-AirQualityMonitor-resources.sh\"\n";
			showEnvVarsInLog = 0;
		};
		5DD058C3132C4A88CA7B2493 /* [CP] Check Pods Manifest.lock */ = {
			isa = PBXShellScriptBuildPhase;
			buildActionMask = 2147483647;
			files = (
			);
			inputPaths = (
				"${PODS_PODFILE_DIR_PATH}/Podfile.lock",
				"${PODS_ROOT}/Manifest.lock",
			);
			name = "[CP] Check Pods Manifest.lock";
			outputPaths = (
				"$(DERIVED_FILE_DIR)/Pods-AirQualityMonitor-checkManifestLockResult.txt",
			);
			runOnlyForDeploymentPostprocessing = 0;
			shellPath = /bin/sh;
			shellScript = "diff \"${PODS_PODFILE_DIR_PATH}/Podfile.lock\" \"${PODS_ROOT}/Manifest.lock\" > /dev/null\nif [ $? != 0 ] ; then\n    # print error to STDERR\n    echo \"error: The sandbox is not in sync with the Podfile.lock. Run 'pod install' or update your CocoaPods installation.\" >&2\n    exit 1\nfi\n# This output is used by Xcode 'outputs' to avoid re-running this script phase.\necho \"SUCCESS\" > \"${SCRIPT_OUTPUT_FILE_0}\"\n";
			showEnvVarsInLog = 0;
		};
		62DDD44F41FBA04D80B61861 /* [CP] Embed Pods Frameworks */ = {
			isa = PBXShellScriptBuildPhase;
			buildActionMask = 2147483647;
			files = (
			);
			inputPaths = (
				"${SRCROOT}/Pods/Target Support Files/Pods-AirQualityMonitor/Pods-AirQualityMonitor-frameworks.sh",
				"${BUILT_PRODUCTS_DIR}/Alamofire/Alamofire.framework",
				"${BUILT_PRODUCTS_DIR}/Charts/Charts.framework",
				"${BUILT_PRODUCTS_DIR}/Differentiator/Differentiator.framework",
				"${BUILT_PRODUCTS_DIR}/Moya/Moya.framework",
				"${BUILT_PRODUCTS_DIR}/Result/Result.framework",
				"${BUILT_PRODUCTS_DIR}/RxCocoa/RxCocoa.framework",
				"${BUILT_PRODUCTS_DIR}/RxDataSources/RxDataSources.framework",
				"${BUILT_PRODUCTS_DIR}/RxSwift/RxSwift.framework",
			);
			name = "[CP] Embed Pods Frameworks";
			outputPaths = (
				"${TARGET_BUILD_DIR}/${FRAMEWORKS_FOLDER_PATH}/Alamofire.framework",
				"${TARGET_BUILD_DIR}/${FRAMEWORKS_FOLDER_PATH}/Charts.framework",
				"${TARGET_BUILD_DIR}/${FRAMEWORKS_FOLDER_PATH}/Differentiator.framework",
				"${TARGET_BUILD_DIR}/${FRAMEWORKS_FOLDER_PATH}/Moya.framework",
				"${TARGET_BUILD_DIR}/${FRAMEWORKS_FOLDER_PATH}/Result.framework",
				"${TARGET_BUILD_DIR}/${FRAMEWORKS_FOLDER_PATH}/RxCocoa.framework",
				"${TARGET_BUILD_DIR}/${FRAMEWORKS_FOLDER_PATH}/RxDataSources.framework",
				"${TARGET_BUILD_DIR}/${FRAMEWORKS_FOLDER_PATH}/RxSwift.framework",
			);
			runOnlyForDeploymentPostprocessing = 0;
			shellPath = /bin/sh;
			shellScript = "\"${SRCROOT}/Pods/Target Support Files/Pods-AirQualityMonitor/Pods-AirQualityMonitor-frameworks.sh\"\n";
			showEnvVarsInLog = 0;
		};
/* End PBXShellScriptBuildPhase section */

/* Begin PBXSourcesBuildPhase section */
		00CE0D872058231300FAADAB /* Sources */ = {
			isa = PBXSourcesBuildPhase;
			buildActionMask = 2147483647;
			files = (
				00CE0D9E205839C700FAADAB /* StationTests.swift in Sources */,
			);
			runOnlyForDeploymentPostprocessing = 0;
		};
		00F56EA12000FBB60011C630 /* Sources */ = {
			isa = PBXSourcesBuildPhase;
			buildActionMask = 2147483647;
			files = (
				00F51ADD2007BD7600AEFAB3 /* SensorData.swift in Sources */,
				0047DFBF2003B93E0049A495 /* AirQualityService.swift in Sources */,
				00F51AC720067CE800AEFAB3 /* IndexNameEnum.swift in Sources */,
				00F51ADF2007BE0E00AEFAB3 /* SensorDataRead.swift in Sources */,
				00F51AB6200624ED00AEFAB3 /* AirQualityIndexViewController.swift in Sources */,
				5E71D8F920049D48008AA023 /* Station.swift in Sources */,
				002388F520051E5B006AEFF5 /* UIViewControllerExtension.swift in Sources */,
				00F51ADB20079EF700AEFAB3 /* BaseTabViewModel.swift in Sources */,
				0047DFBB2003B6890049A495 /* Coordinator.swift in Sources */,
				00F51AB9200624FA00AEFAB3 /* AirQualityIndexViewModel.swift in Sources */,
				0047DFC32003FC910049A495 /* AppCoordinator.swift in Sources */,
				0047DFCA2004017F0049A495 /* StationListViewController.swift in Sources */,
				5E71D8FF2004A41D008AA023 /* NetworkProvider.swift in Sources */,
				002388F3200512E7006AEFF5 /* RxDataSourcesSection.swift in Sources */,
				00F51ACD2007527300AEFAB3 /* LeftAlignedCollectionView.swift in Sources */,
				00F51AD12007661100AEFAB3 /* ChartsViewController.swift in Sources */,
				00F51ABD2006366300AEFAB3 /* IndexLevel.swift in Sources */,
				00F51ABF20063E1800AEFAB3 /* Measurement.swift in Sources */,
				5E71D9052004CF3D008AA023 /* Param.swift in Sources */,
				00F51AAA200624A800AEFAB3 /* StationDetailsViewController.swift in Sources */,
				00F56EA92000FBB60011C630 /* AppDelegate.swift in Sources */,
				00F51ABB2006361600AEFAB3 /* AirQualityIndex.swift in Sources */,
				5E71D8FD20049E8F008AA023 /* Commune.swift in Sources */,
				00F51AD820076EF200AEFAB3 /* ChartsCollectionCell.swift in Sources */,
				00F51AA02006198600AEFAB3 /* AirQualityCoordinator.swift in Sources */,
				00F51ACA200688E300AEFAB3 /* MeasurementCell.swift in Sources */,
				00F51AA4200619A800AEFAB3 /* StationDetailsCoordinator.swift in Sources */,
				5E71D8FB20049E4E008AA023 /* City.swift in Sources */,
				00F51A9E20060B3D00AEFAB3 /* TabBarViewController.swift in Sources */,
				0047DFC12003D7410049A495 /* Constants.swift in Sources */,
				00F51AE12007F94F00AEFAB3 /* StringExtension.swift in Sources */,
				0047DFCF200402640049A495 /* UIResponderExtension.swift in Sources */,
				0047DFCD200401A80049A495 /* StationListViewModel.swift in Sources */,
				00F51AAD200624B500AEFAB3 /* StationDetailsViewModel.swift in Sources */,
				002388F020050F07006AEFF5 /* StationCell.swift in Sources */,
				00F51AD42007661C00AEFAB3 /* ChartsViewModel.swift in Sources */,
				5E71D9032004CDB6008AA023 /* Sensor.swift in Sources */,
				00F51AA22006199800AEFAB3 /* ChartsCoordinator.swift in Sources */,
			);
			runOnlyForDeploymentPostprocessing = 0;
		};
/* End PBXSourcesBuildPhase section */

/* Begin PBXTargetDependency section */
		00CE0D912058231300FAADAB /* PBXTargetDependency */ = {
			isa = PBXTargetDependency;
			target = 00F56EA42000FBB60011C630 /* AirQualityMonitor */;
			targetProxy = 00CE0D902058231300FAADAB /* PBXContainerItemProxy */;
		};
/* End PBXTargetDependency section */

/* Begin PBXVariantGroup section */
		00CE0D9920582CD600FAADAB /* Localizable.strings */ = {
			isa = PBXVariantGroup;
			children = (
				00CE0D9820582CD600FAADAB /* en */,
				00CE0D9A20582CE400FAADAB /* pl */,
			);
			name = Localizable.strings;
			sourceTree = "<group>";
		};
/* End PBXVariantGroup section */

/* Begin XCBuildConfiguration section */
		00CE0D922058231300FAADAB /* Debug */ = {
			isa = XCBuildConfiguration;
			buildSettings = {
				BUNDLE_LOADER = "$(TEST_HOST)";
				CODE_SIGN_STYLE = Automatic;
				DEVELOPMENT_TEAM = TJ4RSWW635;
				INFOPLIST_FILE = AirQualityMonitorTests/Info.plist;
				LD_RUNPATH_SEARCH_PATHS = "$(inherited) @executable_path/Frameworks @loader_path/Frameworks";
				PRODUCT_BUNDLE_IDENTIFIER = KarolPiatek.AirQualityMonitorTests;
				PRODUCT_NAME = "$(TARGET_NAME)";
				SWIFT_VERSION = 4.0;
				TARGETED_DEVICE_FAMILY = "1,2";
				TEST_HOST = "$(BUILT_PRODUCTS_DIR)/AirQualityMonitor.app/AirQualityMonitor";
			};
			name = Debug;
		};
		00CE0D932058231300FAADAB /* Release */ = {
			isa = XCBuildConfiguration;
			buildSettings = {
				BUNDLE_LOADER = "$(TEST_HOST)";
				CODE_SIGN_STYLE = Automatic;
				DEVELOPMENT_TEAM = TJ4RSWW635;
				INFOPLIST_FILE = AirQualityMonitorTests/Info.plist;
				LD_RUNPATH_SEARCH_PATHS = "$(inherited) @executable_path/Frameworks @loader_path/Frameworks";
				PRODUCT_BUNDLE_IDENTIFIER = KarolPiatek.AirQualityMonitorTests;
				PRODUCT_NAME = "$(TARGET_NAME)";
				SWIFT_VERSION = 4.0;
				TARGETED_DEVICE_FAMILY = "1,2";
				TEST_HOST = "$(BUILT_PRODUCTS_DIR)/AirQualityMonitor.app/AirQualityMonitor";
			};
			name = Release;
		};
		00F56EB52000FBB60011C630 /* Debug */ = {
			isa = XCBuildConfiguration;
			buildSettings = {
				ALWAYS_SEARCH_USER_PATHS = NO;
				CLANG_ANALYZER_LOCALIZABILITY_NONLOCALIZED = YES;
				CLANG_ANALYZER_NONNULL = YES;
				CLANG_ANALYZER_NUMBER_OBJECT_CONVERSION = YES_AGGRESSIVE;
				CLANG_CXX_LANGUAGE_STANDARD = "gnu++14";
				CLANG_CXX_LIBRARY = "libc++";
				CLANG_ENABLE_MODULES = YES;
				CLANG_ENABLE_OBJC_ARC = YES;
				CLANG_WARN_BLOCK_CAPTURE_AUTORELEASING = YES;
				CLANG_WARN_BOOL_CONVERSION = YES;
				CLANG_WARN_COMMA = YES;
				CLANG_WARN_CONSTANT_CONVERSION = YES;
				CLANG_WARN_DIRECT_OBJC_ISA_USAGE = YES_ERROR;
				CLANG_WARN_DOCUMENTATION_COMMENTS = YES;
				CLANG_WARN_EMPTY_BODY = YES;
				CLANG_WARN_ENUM_CONVERSION = YES;
				CLANG_WARN_INFINITE_RECURSION = YES;
				CLANG_WARN_INT_CONVERSION = YES;
				CLANG_WARN_NON_LITERAL_NULL_CONVERSION = YES;
				CLANG_WARN_OBJC_LITERAL_CONVERSION = YES;
				CLANG_WARN_OBJC_ROOT_CLASS = YES_ERROR;
				CLANG_WARN_RANGE_LOOP_ANALYSIS = YES;
				CLANG_WARN_STRICT_PROTOTYPES = YES;
				CLANG_WARN_SUSPICIOUS_MOVE = YES;
				CLANG_WARN_UNGUARDED_AVAILABILITY = YES_AGGRESSIVE;
				CLANG_WARN_UNREACHABLE_CODE = YES;
				CLANG_WARN__DUPLICATE_METHOD_MATCH = YES;
				CODE_SIGN_IDENTITY = "iPhone Developer";
				COPY_PHASE_STRIP = NO;
				DEBUG_INFORMATION_FORMAT = dwarf;
				ENABLE_STRICT_OBJC_MSGSEND = YES;
				ENABLE_TESTABILITY = YES;
				GCC_C_LANGUAGE_STANDARD = gnu11;
				GCC_DYNAMIC_NO_PIC = NO;
				GCC_NO_COMMON_BLOCKS = YES;
				GCC_OPTIMIZATION_LEVEL = 0;
				GCC_PREPROCESSOR_DEFINITIONS = (
					"DEBUG=1",
					"$(inherited)",
				);
				GCC_WARN_64_TO_32_BIT_CONVERSION = YES;
				GCC_WARN_ABOUT_RETURN_TYPE = YES_ERROR;
				GCC_WARN_UNDECLARED_SELECTOR = YES;
				GCC_WARN_UNINITIALIZED_AUTOS = YES_AGGRESSIVE;
				GCC_WARN_UNUSED_FUNCTION = YES;
				GCC_WARN_UNUSED_VARIABLE = YES;
				IPHONEOS_DEPLOYMENT_TARGET = 11.2;
				MTL_ENABLE_DEBUG_INFO = YES;
				ONLY_ACTIVE_ARCH = YES;
				SDKROOT = iphoneos;
				SWIFT_ACTIVE_COMPILATION_CONDITIONS = DEBUG;
				SWIFT_OPTIMIZATION_LEVEL = "-Onone";
			};
			name = Debug;
		};
		00F56EB62000FBB60011C630 /* Release */ = {
			isa = XCBuildConfiguration;
			buildSettings = {
				ALWAYS_SEARCH_USER_PATHS = NO;
				CLANG_ANALYZER_LOCALIZABILITY_NONLOCALIZED = YES;
				CLANG_ANALYZER_NONNULL = YES;
				CLANG_ANALYZER_NUMBER_OBJECT_CONVERSION = YES_AGGRESSIVE;
				CLANG_CXX_LANGUAGE_STANDARD = "gnu++14";
				CLANG_CXX_LIBRARY = "libc++";
				CLANG_ENABLE_MODULES = YES;
				CLANG_ENABLE_OBJC_ARC = YES;
				CLANG_WARN_BLOCK_CAPTURE_AUTORELEASING = YES;
				CLANG_WARN_BOOL_CONVERSION = YES;
				CLANG_WARN_COMMA = YES;
				CLANG_WARN_CONSTANT_CONVERSION = YES;
				CLANG_WARN_DIRECT_OBJC_ISA_USAGE = YES_ERROR;
				CLANG_WARN_DOCUMENTATION_COMMENTS = YES;
				CLANG_WARN_EMPTY_BODY = YES;
				CLANG_WARN_ENUM_CONVERSION = YES;
				CLANG_WARN_INFINITE_RECURSION = YES;
				CLANG_WARN_INT_CONVERSION = YES;
				CLANG_WARN_NON_LITERAL_NULL_CONVERSION = YES;
				CLANG_WARN_OBJC_LITERAL_CONVERSION = YES;
				CLANG_WARN_OBJC_ROOT_CLASS = YES_ERROR;
				CLANG_WARN_RANGE_LOOP_ANALYSIS = YES;
				CLANG_WARN_STRICT_PROTOTYPES = YES;
				CLANG_WARN_SUSPICIOUS_MOVE = YES;
				CLANG_WARN_UNGUARDED_AVAILABILITY = YES_AGGRESSIVE;
				CLANG_WARN_UNREACHABLE_CODE = YES;
				CLANG_WARN__DUPLICATE_METHOD_MATCH = YES;
				CODE_SIGN_IDENTITY = "iPhone Developer";
				COPY_PHASE_STRIP = NO;
				DEBUG_INFORMATION_FORMAT = "dwarf-with-dsym";
				ENABLE_NS_ASSERTIONS = NO;
				ENABLE_STRICT_OBJC_MSGSEND = YES;
				GCC_C_LANGUAGE_STANDARD = gnu11;
				GCC_NO_COMMON_BLOCKS = YES;
				GCC_WARN_64_TO_32_BIT_CONVERSION = YES;
				GCC_WARN_ABOUT_RETURN_TYPE = YES_ERROR;
				GCC_WARN_UNDECLARED_SELECTOR = YES;
				GCC_WARN_UNINITIALIZED_AUTOS = YES_AGGRESSIVE;
				GCC_WARN_UNUSED_FUNCTION = YES;
				GCC_WARN_UNUSED_VARIABLE = YES;
				IPHONEOS_DEPLOYMENT_TARGET = 11.2;
				MTL_ENABLE_DEBUG_INFO = NO;
				SDKROOT = iphoneos;
				SWIFT_OPTIMIZATION_LEVEL = "-Owholemodule";
				VALIDATE_PRODUCT = YES;
			};
			name = Release;
		};
		00F56EB82000FBB60011C630 /* Debug */ = {
			isa = XCBuildConfiguration;
			baseConfigurationReference = 3B1340AA033565AA890F7455 /* Pods-AirQualityMonitor.debug.xcconfig */;
			buildSettings = {
				ASSETCATALOG_COMPILER_APPICON_NAME = AppIcon;
				CODE_SIGN_STYLE = Automatic;
				DEVELOPMENT_TEAM = TJ4RSWW635;
				INFOPLIST_FILE = AirQualityMonitor/Info.plist;
				LD_RUNPATH_SEARCH_PATHS = "$(inherited) @executable_path/Frameworks";
				PRODUCT_BUNDLE_IDENTIFIER = KarolPiatek.AirQualityMonitor;
				PRODUCT_NAME = "$(TARGET_NAME)";
				SWIFT_VERSION = 4.0;
				TARGETED_DEVICE_FAMILY = "1,2";
			};
			name = Debug;
		};
		00F56EB92000FBB60011C630 /* Release */ = {
			isa = XCBuildConfiguration;
			baseConfigurationReference = EDE1A1B2EF1A445E2B2A3712 /* Pods-AirQualityMonitor.release.xcconfig */;
			buildSettings = {
				ASSETCATALOG_COMPILER_APPICON_NAME = AppIcon;
				CODE_SIGN_STYLE = Automatic;
				DEVELOPMENT_TEAM = TJ4RSWW635;
				INFOPLIST_FILE = AirQualityMonitor/Info.plist;
				LD_RUNPATH_SEARCH_PATHS = "$(inherited) @executable_path/Frameworks";
				PRODUCT_BUNDLE_IDENTIFIER = KarolPiatek.AirQualityMonitor;
				PRODUCT_NAME = "$(TARGET_NAME)";
				SWIFT_VERSION = 4.0;
				TARGETED_DEVICE_FAMILY = "1,2";
			};
			name = Release;
		};
/* End XCBuildConfiguration section */

/* Begin XCConfigurationList section */
		00CE0D942058231300FAADAB /* Build configuration list for PBXNativeTarget "AirQualityMonitorTests" */ = {
			isa = XCConfigurationList;
			buildConfigurations = (
				00CE0D922058231300FAADAB /* Debug */,
				00CE0D932058231300FAADAB /* Release */,
			);
			defaultConfigurationIsVisible = 0;
			defaultConfigurationName = Release;
		};
		00F56EA02000FBB60011C630 /* Build configuration list for PBXProject "AirQualityMonitor" */ = {
			isa = XCConfigurationList;
			buildConfigurations = (
				00F56EB52000FBB60011C630 /* Debug */,
				00F56EB62000FBB60011C630 /* Release */,
			);
			defaultConfigurationIsVisible = 0;
			defaultConfigurationName = Release;
		};
		00F56EB72000FBB60011C630 /* Build configuration list for PBXNativeTarget "AirQualityMonitor" */ = {
			isa = XCConfigurationList;
			buildConfigurations = (
				00F56EB82000FBB60011C630 /* Debug */,
				00F56EB92000FBB60011C630 /* Release */,
			);
			defaultConfigurationIsVisible = 0;
			defaultConfigurationName = Release;
		};
/* End XCConfigurationList section */
	};
	rootObject = 00F56E9D2000FBB60011C630 /* Project object */;
}
